<?xml version="1.0" encoding="utf-8"?>
<Project ToolsVersion="4.0" xmlns="http://schemas.microsoft.com/developer/msbuild/2003">
  <ItemGroup>
    <Filter Include="源文件">
      <UniqueIdentifier>{4FC737F1-C7A5-4376-A066-2A32D752A2FF}</UniqueIdentifier>
      <Extensions>cpp;c;cc;cxx;def;odl;idl;hpj;bat;asm;asmx</Extensions>
    </Filter>
    <Filter Include="头文件">
      <UniqueIdentifier>{93995380-89BD-4b04-88EB-625FBE52EBFB}</UniqueIdentifier>
      <Extensions>h;hh;hpp;hxx;hm;inl;inc;ipp;xsd</Extensions>
    </Filter>
    <Filter Include="资源文件">
      <UniqueIdentifier>{67DA6AB6-F800-4c08-8B7A-83BB121AAD01}</UniqueIdentifier>
      <Extensions>rc;ico;cur;bmp;dlg;rc2;rct;bin;rgs;gif;jpg;jpeg;jpe;resx;tiff;tif;png;wav;mfcribbon-ms</Extensions>
    </Filter>
    <Filter Include="配置">
      <UniqueIdentifier>{5f7d8933-1540-4cab-a3de-096449c75b54}</UniqueIdentifier>
    </Filter>
    <Filter Include="The Art of Game Design:A Book of Lenses（全景探秘游戏设计艺术）">
      <UniqueIdentifier>{9d57a330-82fc-43cd-953d-0aaddcd5116a}</UniqueIdentifier>
    </Filter>
    <Filter Include="Game Design:Theory and Practice（游戏设计：原理与实践）">
      <UniqueIdentifier>{eb72220c-009c-4a63-84df-00c283b80cb2}</UniqueIdentifier>
    </Filter>
    <Filter Include="Object-Oriented Game Development（面向对象的游戏开发）">
      <UniqueIdentifier>{ef111d5f-ebb5-4735-8996-668a13256706}</UniqueIdentifier>
    </Filter>
    <Filter Include="Massively Multiplayer Game Development（大型多人在线游戏开发）">
      <UniqueIdentifier>{6d36e0c4-3adb-4913-bfff-c5f3aeecc32f}</UniqueIdentifier>
    </Filter>
    <Filter Include="资源文件\Todo">
      <UniqueIdentifier>{0c7c7fe6-23de-46e6-89bd-88e3f66ae049}</UniqueIdentifier>
    </Filter>
  </ItemGroup>
  <ItemGroup>
    <None Include="Configuration\BookGameDesignChild.json">
      <Filter>配置</Filter>
    </None>
    <None Include="Configuration\EnvironmentVariable.json">
      <Filter>配置</Filter>
    </None>
    <None Include="Configuration\Log.json">
      <Filter>配置</Filter>
    </None>
    <None Include="Configuration\Testing.json">
      <Filter>配置</Filter>
    </None>
  </ItemGroup>
  <ItemGroup>
    <Text Include="Resource\ReadMe.txt">
      <Filter>资源文件</Filter>
    </Text>
    <Text Include="Resource\Todo\Level 1.txt">
      <Filter>资源文件\Todo</Filter>
    </Text>
    <Text Include="Resource\Todo\Level 2.txt">
      <Filter>资源文件\Todo</Filter>
    </Text>
    <Text Include="Resource\Todo\Level 3.txt">
      <Filter>资源文件\Todo</Filter>
    </Text>
    <Text Include="Resource\Todo\Level 4.txt">
      <Filter>资源文件\Todo</Filter>
    </Text>
    <Text Include="Resource\Todo\Level 5.txt">
      <Filter>资源文件\Todo</Filter>
    </Text>
  </ItemGroup>
  <ItemGroup>
    <ClInclude Include="..\..\..\..\Code\Example\BookGameDesign\BookGameDesignChild\TestingHelper.h">
      <Filter>头文件</Filter>
    </ClInclude>
    <ClInclude Include="..\..\..\..\Code\Example\BookGameDesign\BookGameDesignChild\Testing.h">
      <Filter>头文件</Filter>
    </ClInclude>
  </ItemGroup>
  <ItemGroup>
    <ClCompile Include="..\..\..\..\Code\Example\BookGameDesign\BookGameDesignChild\TestingHelper.cpp">
      <Filter>源文件</Filter>
    </ClCompile>
    <ClCompile Include="..\..\..\..\Code\Example\BookGameDesign\BookGameDesignChild\TestingLib.cpp">
      <Filter>源文件</Filter>
    </ClCompile>
    <ClCompile Include="..\..\..\..\Code\Example\BookGameDesign\BookGameDesignChild\TestingMain.cpp">
      <Filter>源文件</Filter>
    </ClCompile>
  </ItemGroup>
</Project>