<?xml version="1.0" encoding="utf-8"?>
<Project ToolsVersion="4.0" xmlns="http://schemas.microsoft.com/developer/msbuild/2003">
  <ItemGroup>
    <Filter Include="源文件">
      <UniqueIdentifier>{4FC737F1-C7A5-4376-A066-2A32D752A2FF}</UniqueIdentifier>
      <Extensions>cpp;c;cc;cxx;def;odl;idl;hpj;bat;asm;asmx</Extensions>
    </Filter>
    <Filter Include="头文件">
      <UniqueIdentifier>{93995380-89BD-4b04-88EB-625FBE52EBFB}</UniqueIdentifier>
      <Extensions>h;hh;hpp;hxx;hm;inl;inc;ipp;xsd</Extensions>
    </Filter>
    <Filter Include="资源文件">
      <UniqueIdentifier>{67DA6AB6-F800-4c08-8B7A-83BB121AAD01}</UniqueIdentifier>
      <Extensions>rc;ico;cur;bmp;dlg;rc2;rct;bin;rgs;gif;jpg;jpeg;jpe;resx;tiff;tif;png;wav;mfcribbon-ms</Extensions>
    </Filter>
    <Filter Include="资源文件\Todo">
      <UniqueIdentifier>{b21cdd32-9e91-48ac-a106-8bab35ead2da}</UniqueIdentifier>
    </Filter>
    <Filter Include="Helper 头文件">
      <UniqueIdentifier>{a6f57cdf-1ae0-49a5-b8ca-22aadc61deb8}</UniqueIdentifier>
    </Filter>
    <Filter Include="Chapter2 头文件">
      <UniqueIdentifier>{fa46875e-b88c-4be3-bfbd-a45e26f3cff1}</UniqueIdentifier>
    </Filter>
    <Filter Include="Chapter2 源文件">
      <UniqueIdentifier>{81624365-7720-419f-8842-ef607bdb3bb6}</UniqueIdentifier>
    </Filter>
  </ItemGroup>
  <ItemGroup>
    <Text Include="Resource\ReadMe.txt">
      <Filter>资源文件</Filter>
    </Text>
    <Text Include="Resource\Schedule.txt">
      <Filter>资源文件</Filter>
    </Text>
    <Text Include="Resource\Todo\Level 0.txt">
      <Filter>资源文件\Todo</Filter>
    </Text>
    <Text Include="Resource\Todo\Level 1.txt">
      <Filter>资源文件\Todo</Filter>
    </Text>
    <Text Include="Resource\Todo\Level 2.txt">
      <Filter>资源文件\Todo</Filter>
    </Text>
    <Text Include="Resource\Todo\Level 3.txt">
      <Filter>资源文件\Todo</Filter>
    </Text>
    <Text Include="Resource\Todo\Level 4.txt">
      <Filter>资源文件\Todo</Filter>
    </Text>
    <Text Include="Resource\Todo\Level 5.txt">
      <Filter>资源文件\Todo</Filter>
    </Text>
    <Text Include="Resource\Todo\Level 6.txt">
      <Filter>资源文件\Todo</Filter>
    </Text>
    <Text Include="Resource\Todo\Level 7.txt">
      <Filter>资源文件\Todo</Filter>
    </Text>
    <Text Include="Resource\Todo\Level 8.txt">
      <Filter>资源文件\Todo</Filter>
    </Text>
    <Text Include="Resource\Todo\Level 9.txt">
      <Filter>资源文件\Todo</Filter>
    </Text>
  </ItemGroup>
  <ItemGroup>
    <ClInclude Include="..\..\..\..\Code\Example\BookCpp\AppliedCpp\AppliedCpp.h">
      <Filter>头文件</Filter>
    </ClInclude>
    <ClInclude Include="..\..\..\..\Code\Example\BookCpp\AppliedCpp\AppliedCppDll.h">
      <Filter>头文件</Filter>
    </ClInclude>
    <ClInclude Include="..\..\..\..\Code\Example\BookCpp\AppliedCpp\AppliedCppExport.h">
      <Filter>头文件</Filter>
    </ClInclude>
    <ClInclude Include="..\..\..\..\Code\Example\BookCpp\AppliedCpp\AppliedCppFwd.h">
      <Filter>头文件</Filter>
    </ClInclude>
    <ClInclude Include="..\..\..\..\Code\Example\BookCpp\AppliedCpp\AppliedCppImport.h">
      <Filter>头文件</Filter>
    </ClInclude>
    <ClInclude Include="..\..\..\..\Code\Example\BookCpp\AppliedCpp\AppliedCppLib.h">
      <Filter>头文件</Filter>
    </ClInclude>
    <ClInclude Include="..\..\..\..\Code\Example\BookCpp\AppliedCpp\AppliedCppNoImport.h">
      <Filter>头文件</Filter>
    </ClInclude>
    <ClInclude Include="..\..\..\..\Code\Example\BookCpp\AppliedCpp\DllLib.h">
      <Filter>头文件</Filter>
    </ClInclude>
    <ClInclude Include="..\..\..\..\Code\Example\BookCpp\AppliedCpp\Helper\HelperFwd.h">
      <Filter>Helper 头文件</Filter>
    </ClInclude>
    <ClInclude Include="..\..\..\..\Code\Example\BookCpp\AppliedCpp\Helper\AppliedCppClassInvariantMacro.h">
      <Filter>Helper 头文件</Filter>
    </ClInclude>
    <ClInclude Include="..\..\..\..\Code\Example\BookCpp\AppliedCpp\Helper\AppliedCppCustomAssertMacro.h">
      <Filter>Helper 头文件</Filter>
    </ClInclude>
    <ClInclude Include="..\..\..\..\Code\Example\BookCpp\AppliedCpp\Helper\UserMacro.h">
      <Filter>Helper 头文件</Filter>
    </ClInclude>
    <ClInclude Include="..\..\..\..\Code\Example\BookCpp\AppliedCpp\Helper\Helper.h">
      <Filter>Helper 头文件</Filter>
    </ClInclude>
    <ClInclude Include="..\..\..\..\Code\Example\BookCpp\AppliedCpp\Chapter2\APImage.h">
      <Filter>Chapter2 头文件</Filter>
    </ClInclude>
    <ClInclude Include="..\..\..\..\Code\Example\BookCpp\AppliedCpp\Chapter2\APThumbNail.h">
      <Filter>Chapter2 头文件</Filter>
    </ClInclude>
    <ClInclude Include="..\..\..\..\Code\Example\BookCpp\AppliedCpp\Chapter2\Chapter2.h">
      <Filter>Chapter2 头文件</Filter>
    </ClInclude>
    <ClInclude Include="..\..\..\..\Code\Example\BookCpp\AppliedCpp\Chapter2\Chapter2Fwd.h">
      <Filter>Chapter2 头文件</Filter>
    </ClInclude>
    <ClInclude Include="..\..\..\..\Code\Example\BookCpp\AppliedCpp\Chapter2\Chapter2Main.h">
      <Filter>Chapter2 头文件</Filter>
    </ClInclude>
  </ItemGroup>
  <ItemGroup>
    <ClCompile Include="..\..\..\..\Code\Example\BookCpp\AppliedCpp\DllLib.cpp">
      <Filter>源文件</Filter>
    </ClCompile>
    <ClCompile Include="..\..\..\..\Code\Example\BookCpp\AppliedCpp\DllMain.cpp">
      <Filter>源文件</Filter>
    </ClCompile>
    <ClCompile Include="..\..\..\..\Code\Example\BookCpp\AppliedCpp\Chapter2\APImage.cpp">
      <Filter>Chapter2 源文件</Filter>
    </ClCompile>
    <ClCompile Include="..\..\..\..\Code\Example\BookCpp\AppliedCpp\Chapter2\APThumbNail.cpp">
      <Filter>Chapter2 源文件</Filter>
    </ClCompile>
    <ClCompile Include="..\..\..\..\Code\Example\BookCpp\AppliedCpp\Chapter2\Chapter2Main.cpp">
      <Filter>Chapter2 源文件</Filter>
    </ClCompile>
  </ItemGroup>
</Project>