<?xml version="1.0" encoding="utf-8"?>
<Project ToolsVersion="4.0" xmlns="http://schemas.microsoft.com/developer/msbuild/2003">
  <ItemGroup>
    <Filter Include="源文件">
      <UniqueIdentifier>{4FC737F1-C7A5-4376-A066-2A32D752A2FF}</UniqueIdentifier>
      <Extensions>cpp;c;cc;cxx;def;odl;idl;hpj;bat;asm;asmx</Extensions>
    </Filter>
    <Filter Include="头文件">
      <UniqueIdentifier>{93995380-89BD-4b04-88EB-625FBE52EBFB}</UniqueIdentifier>
      <Extensions>h;hh;hpp;hxx;hm;inl;inc;ipp;xsd</Extensions>
    </Filter>
    <Filter Include="资源文件">
      <UniqueIdentifier>{67DA6AB6-F800-4c08-8B7A-83BB121AAD01}</UniqueIdentifier>
      <Extensions>rc;ico;cur;bmp;dlg;rc2;rct;bin;rgs;gif;jpg;jpeg;jpe;resx;tiff;tif;png;wav;mfcribbon-ms</Extensions>
    </Filter>
    <Filter Include="配置">
      <UniqueIdentifier>{8aaed613-9124-46fc-981b-2f976cebbada}</UniqueIdentifier>
    </Filter>
    <Filter Include="资源文件\Todo">
      <UniqueIdentifier>{1c04b067-a6a0-4499-bfe7-f9282839a780}</UniqueIdentifier>
    </Filter>
    <Filter Include="FiniteStateMachineSuite 头文件">
      <UniqueIdentifier>{a02bb2a5-d19b-4504-8946-2c60c441ab9f}</UniqueIdentifier>
    </Filter>
    <Filter Include="FuzzyStateMachineSuite 头文件">
      <UniqueIdentifier>{f42ac46a-abdb-4a1c-8a20-de95991c1eed}</UniqueIdentifier>
    </Filter>
    <Filter Include="GeneticAlgorithmSuite 头文件">
      <UniqueIdentifier>{681c82d7-47ba-4a06-b736-65ff43f9f6f9}</UniqueIdentifier>
    </Filter>
    <Filter Include="MacroSuite 头文件">
      <UniqueIdentifier>{aa5c94a6-be48-4226-b905-0dd4543dc068}</UniqueIdentifier>
    </Filter>
    <Filter Include="MiscellaneousSuite 头文件">
      <UniqueIdentifier>{00d5f5cb-ac1c-4a08-af32-fdb3d848e869}</UniqueIdentifier>
    </Filter>
    <Filter Include="NeuralNetworkSuite 头文件">
      <UniqueIdentifier>{8528fcf9-2104-4f91-afb4-689066ae9c2b}</UniqueIdentifier>
    </Filter>
    <Filter Include="PathSearchSuite 头文件">
      <UniqueIdentifier>{c9bd8ea0-8286-41b6-9980-87be11de1c8d}</UniqueIdentifier>
    </Filter>
  </ItemGroup>
  <ItemGroup>
    <None Include="Configuration\Log.json">
      <Filter>配置</Filter>
    </None>
    <None Include="Configuration\Testing.json">
      <Filter>配置</Filter>
    </None>
    <None Include="Configuration\ArtificialIntellegenceTesting.json">
      <Filter>配置</Filter>
    </None>
    <None Include="Configuration\EnvironmentVariable.json">
      <Filter>配置</Filter>
    </None>
  </ItemGroup>
  <ItemGroup>
    <ClInclude Include="..\..\..\Code\ArtificialIntellegence\ArtificialIntellegenceTesting\Testing.h">
      <Filter>头文件</Filter>
    </ClInclude>
    <ClInclude Include="..\..\..\Code\ArtificialIntellegence\ArtificialIntellegenceTesting\TestingHelper.h">
      <Filter>头文件</Filter>
    </ClInclude>
    <ClInclude Include="..\..\..\Code\ArtificialIntellegence\ArtificialIntellegenceTesting\FiniteStateMachineSuite\FiniteStateMachineSuite.h">
      <Filter>FiniteStateMachineSuite 头文件</Filter>
    </ClInclude>
    <ClInclude Include="..\..\..\Code\ArtificialIntellegence\ArtificialIntellegenceTesting\FuzzyStateMachineSuite\FuzzyStateMachineSuite.h">
      <Filter>FuzzyStateMachineSuite 头文件</Filter>
    </ClInclude>
    <ClInclude Include="..\..\..\Code\ArtificialIntellegence\ArtificialIntellegenceTesting\GeneticAlgorithmSuite\GeneticAlgorithmSuite.h">
      <Filter>GeneticAlgorithmSuite 头文件</Filter>
    </ClInclude>
    <ClInclude Include="..\..\..\Code\ArtificialIntellegence\ArtificialIntellegenceTesting\MacroSuite\MacroSuite.h">
      <Filter>MacroSuite 头文件</Filter>
    </ClInclude>
    <ClInclude Include="..\..\..\Code\ArtificialIntellegence\ArtificialIntellegenceTesting\MiscellaneousSuite\MiscellaneousSuite.h">
      <Filter>MiscellaneousSuite 头文件</Filter>
    </ClInclude>
    <ClInclude Include="..\..\..\Code\ArtificialIntellegence\ArtificialIntellegenceTesting\NeuralNetworkSuite\NeuralNetworkSuite.h">
      <Filter>NeuralNetworkSuite 头文件</Filter>
    </ClInclude>
    <ClInclude Include="..\..\..\Code\ArtificialIntellegence\ArtificialIntellegenceTesting\PathSearchSuite\PathSearchSuite.h">
      <Filter>PathSearchSuite 头文件</Filter>
    </ClInclude>
  </ItemGroup>
  <ItemGroup>
    <ClCompile Include="..\..\..\Code\ArtificialIntellegence\ArtificialIntellegenceTesting\TestingHelper.cpp">
      <Filter>源文件</Filter>
    </ClCompile>
    <ClCompile Include="..\..\..\Code\ArtificialIntellegence\ArtificialIntellegenceTesting\TestingLib.cpp">
      <Filter>源文件</Filter>
    </ClCompile>
    <ClCompile Include="..\..\..\Code\ArtificialIntellegence\ArtificialIntellegenceTesting\TestingMain.cpp">
      <Filter>源文件</Filter>
    </ClCompile>
  </ItemGroup>
  <ItemGroup>
    <Text Include="Resource\Todo\Level 1.txt">
      <Filter>资源文件\Todo</Filter>
    </Text>
    <Text Include="Resource\Todo\Level 2.txt">
      <Filter>资源文件\Todo</Filter>
    </Text>
    <Text Include="Resource\Todo\Level 3.txt">
      <Filter>资源文件\Todo</Filter>
    </Text>
    <Text Include="Resource\Todo\Level 4.txt">
      <Filter>资源文件\Todo</Filter>
    </Text>
    <Text Include="Resource\Todo\Level 5.txt">
      <Filter>资源文件\Todo</Filter>
    </Text>
    <Text Include="..\..\Animation\AnimationTesting\Resource\ReadMe.txt">
      <Filter>资源文件</Filter>
    </Text>
  </ItemGroup>
</Project>