<?xml version="1.0" encoding="utf-8"?>
<Project ToolsVersion="4.0" xmlns="http://schemas.microsoft.com/developer/msbuild/2003">
  <ItemGroup>
    <Filter Include="源文件">
      <UniqueIdentifier>{4FC737F1-C7A5-4376-A066-2A32D752A2FF}</UniqueIdentifier>
      <Extensions>cpp;c;cc;cxx;def;odl;idl;hpj;bat;asm;asmx</Extensions>
    </Filter>
    <Filter Include="头文件">
      <UniqueIdentifier>{93995380-89BD-4b04-88EB-625FBE52EBFB}</UniqueIdentifier>
      <Extensions>h;hh;hpp;hxx;hm;inl;inc;ipp;xsd</Extensions>
    </Filter>
    <Filter Include="资源文件">
      <UniqueIdentifier>{67DA6AB6-F800-4c08-8B7A-83BB121AAD01}</UniqueIdentifier>
      <Extensions>rc;ico;cur;bmp;dlg;rc2;rct;bin;rgs;gif;jpg;jpeg;jpe;resx;tiff;tif;png;wav;mfcribbon-ms</Extensions>
    </Filter>
    <Filter Include="资源文件\Todo">
      <UniqueIdentifier>{d42ca21d-b5c1-4284-b29b-e45fa0269332}</UniqueIdentifier>
    </Filter>
    <Filter Include="Helper 头文件">
      <UniqueIdentifier>{08e16f78-7fbc-4582-a340-9caa07d62c13}</UniqueIdentifier>
    </Filter>
    <Filter Include="WinSock 头文件">
      <UniqueIdentifier>{cb51e1ac-006f-4b9e-8390-5c48cc814ae2}</UniqueIdentifier>
    </Filter>
    <Filter Include="WinSock 源文件">
      <UniqueIdentifier>{24bc61e5-96d6-43a4-845d-f90c1fb79952}</UniqueIdentifier>
    </Filter>
    <Filter Include="WinSock 头文件\Detail">
      <UniqueIdentifier>{59ec38c3-f95e-4c88-b794-fae38efbec72}</UniqueIdentifier>
    </Filter>
    <Filter Include="WinSock 源文件\Detail">
      <UniqueIdentifier>{42cab95b-11c2-453a-95b7-0c4b73a4c31e}</UniqueIdentifier>
    </Filter>
  </ItemGroup>
  <ItemGroup>
    <Text Include="Resource\Todo\Level 0.txt">
      <Filter>资源文件\Todo</Filter>
    </Text>
    <Text Include="Resource\Todo\Level 1.txt">
      <Filter>资源文件\Todo</Filter>
    </Text>
    <Text Include="Resource\Todo\Level 2.txt">
      <Filter>资源文件\Todo</Filter>
    </Text>
    <Text Include="Resource\Todo\Level 3.txt">
      <Filter>资源文件\Todo</Filter>
    </Text>
    <Text Include="Resource\Todo\Level 4.txt">
      <Filter>资源文件\Todo</Filter>
    </Text>
    <Text Include="Resource\Todo\Level 5.txt">
      <Filter>资源文件\Todo</Filter>
    </Text>
    <Text Include="Resource\Todo\Level 6.txt">
      <Filter>资源文件\Todo</Filter>
    </Text>
    <Text Include="Resource\Todo\Level 7.txt">
      <Filter>资源文件\Todo</Filter>
    </Text>
    <Text Include="Resource\Todo\Level 8.txt">
      <Filter>资源文件\Todo</Filter>
    </Text>
    <Text Include="Resource\Todo\Level 9.txt">
      <Filter>资源文件\Todo</Filter>
    </Text>
  </ItemGroup>
  <ItemGroup>
    <ClInclude Include="..\..\..\..\Code\Toolset\System\SystemToolset\SystemToolset.h">
      <Filter>头文件</Filter>
    </ClInclude>
    <ClInclude Include="..\..\..\..\Code\Toolset\System\SystemToolset\SystemToolsetDll.h">
      <Filter>头文件</Filter>
    </ClInclude>
    <ClInclude Include="..\..\..\..\Code\Toolset\System\SystemToolset\SystemToolsetExport.h">
      <Filter>头文件</Filter>
    </ClInclude>
    <ClInclude Include="..\..\..\..\Code\Toolset\System\SystemToolset\SystemToolsetFwd.h">
      <Filter>头文件</Filter>
    </ClInclude>
    <ClInclude Include="..\..\..\..\Code\Toolset\System\SystemToolset\SystemToolsetImport.h">
      <Filter>头文件</Filter>
    </ClInclude>
    <ClInclude Include="..\..\..\..\Code\Toolset\System\SystemToolset\SystemToolsetLib.h">
      <Filter>头文件</Filter>
    </ClInclude>
    <ClInclude Include="..\..\..\..\Code\Toolset\System\SystemToolset\SystemToolsetNoImport.h">
      <Filter>头文件</Filter>
    </ClInclude>
    <ClInclude Include="..\..\..\..\Code\Toolset\System\SystemToolset\DllLib.h">
      <Filter>头文件</Filter>
    </ClInclude>
    <ClInclude Include="..\..\..\..\Code\Toolset\System\SystemToolset\Helper\HelperFwd.h">
      <Filter>Helper 头文件</Filter>
    </ClInclude>
    <ClInclude Include="..\..\..\..\Code\Toolset\System\SystemToolset\Helper\SystemToolsetClassInvariantMacro.h">
      <Filter>Helper 头文件</Filter>
    </ClInclude>
    <ClInclude Include="..\..\..\..\Code\Toolset\System\SystemToolset\Helper\SystemToolsetCustomAssertMacro.h">
      <Filter>Helper 头文件</Filter>
    </ClInclude>
    <ClInclude Include="..\..\..\..\Code\Toolset\System\SystemToolset\Helper\UserMacro.h">
      <Filter>Helper 头文件</Filter>
    </ClInclude>
    <ClInclude Include="..\..\..\..\Code\Toolset\System\SystemToolset\Helper\Helper.h">
      <Filter>Helper 头文件</Filter>
    </ClInclude>
    <ClInclude Include="..\..\..\..\Code\Toolset\System\SystemToolset\WinSock\WinSockStart.h">
      <Filter>WinSock 头文件</Filter>
    </ClInclude>
    <ClInclude Include="..\..\..\..\Code\Toolset\System\SystemToolset\WinSock\TcpSocket.h">
      <Filter>WinSock 头文件</Filter>
    </ClInclude>
    <ClInclude Include="..\..\..\..\Code\Toolset\System\SystemToolset\WinSock\UdpSocket.h">
      <Filter>WinSock 头文件</Filter>
    </ClInclude>
    <ClInclude Include="..\..\..\..\Code\Toolset\System\SystemToolset\WinSock\WinSock.h">
      <Filter>WinSock 头文件</Filter>
    </ClInclude>
    <ClInclude Include="..\..\..\..\Code\Toolset\System\SystemToolset\WinSock\WinSockFwd.h">
      <Filter>WinSock 头文件</Filter>
    </ClInclude>
    <ClInclude Include="..\..\..\..\Code\Toolset\System\SystemToolset\WinSock\Detail\ConnectParameter.h">
      <Filter>WinSock 头文件\Detail</Filter>
    </ClInclude>
    <ClInclude Include="..\..\..\..\Code\Toolset\System\SystemToolset\WinSock\Detail\TcpSocketConnect.h">
      <Filter>WinSock 头文件\Detail</Filter>
    </ClInclude>
    <ClInclude Include="..\..\..\..\Code\Toolset\System\SystemToolset\WinSock\Detail\TcpSocketSend.h">
      <Filter>WinSock 头文件\Detail</Filter>
    </ClInclude>
    <ClInclude Include="..\..\..\..\Code\Toolset\System\SystemToolset\WinSock\Detail\UdpSocketSend.h">
      <Filter>WinSock 头文件\Detail</Filter>
    </ClInclude>
    <ClInclude Include="..\..\..\..\Code\Toolset\System\SystemToolset\WinSock\Detail\SocketSend.h">
      <Filter>WinSock 头文件\Detail</Filter>
    </ClInclude>
  </ItemGroup>
  <ItemGroup>
    <ClCompile Include="..\..\..\..\Code\Toolset\System\SystemToolset\DllLib.cpp">
      <Filter>源文件</Filter>
    </ClCompile>
    <ClCompile Include="..\..\..\..\Code\Toolset\System\SystemToolset\DllMain.cpp">
      <Filter>源文件</Filter>
    </ClCompile>
    <ClCompile Include="..\..\..\..\Code\Toolset\System\SystemToolset\WinSock\WinSockStart.cpp">
      <Filter>WinSock 源文件</Filter>
    </ClCompile>
    <ClCompile Include="..\..\..\..\Code\Toolset\System\SystemToolset\WinSock\TcpSocket.cpp">
      <Filter>WinSock 源文件</Filter>
    </ClCompile>
    <ClCompile Include="..\..\..\..\Code\Toolset\System\SystemToolset\WinSock\UdpSocket.cpp">
      <Filter>WinSock 源文件</Filter>
    </ClCompile>
    <ClCompile Include="..\..\..\..\Code\Toolset\System\SystemToolset\WinSock\Detail\ConnectParameter.cpp">
      <Filter>WinSock 源文件\Detail</Filter>
    </ClCompile>
    <ClCompile Include="..\..\..\..\Code\Toolset\System\SystemToolset\WinSock\Detail\TcpSocketConnect.cpp">
      <Filter>WinSock 源文件\Detail</Filter>
    </ClCompile>
    <ClCompile Include="..\..\..\..\Code\Toolset\System\SystemToolset\WinSock\Detail\TcpSocketSend.cpp">
      <Filter>WinSock 源文件\Detail</Filter>
    </ClCompile>
    <ClCompile Include="..\..\..\..\Code\Toolset\System\SystemToolset\WinSock\Detail\UdpSocketSend.cpp">
      <Filter>WinSock 源文件\Detail</Filter>
    </ClCompile>
    <ClCompile Include="..\..\..\..\Code\Toolset\System\SystemToolset\WinSock\Detail\SocketSend.cpp">
      <Filter>WinSock 源文件\Detail</Filter>
    </ClCompile>
  </ItemGroup>
  <ItemGroup>
    <None Include="Resource\ReadMe.md">
      <Filter>资源文件</Filter>
    </None>
    <None Include="Resource\Schedule.md">
      <Filter>资源文件</Filter>
    </None>
  </ItemGroup>
</Project>