
Microsoft Visual Studio Solution File, Format Version 12.00
# Visual Studio 15
VisualStudioVersion = 15.0.28307.705
MinimumVisualStudioVersion = 10.0.40219.1
Project("{8BC9CEB8-8B4A-11D0-8D11-00A0C91BC942}") = "BookOtherLanguages", "BookOtherLanguages\BookOtherLanguages.vcxproj", "{9111AF9C-92CF-4DBF-8E7F-DC8C36322CC2}"
EndProject
Project("{8BC9CEB8-8B4A-11D0-8D11-00A0C91BC942}") = "BookDatabase", "BookDatabase\BookDatabase.vcxproj", "{CA1CF89A-BF6C-49AE-AD5B-8DB6F531CABF}"
EndProject
Project("{8BC9CEB8-8B4A-11D0-8D11-00A0C91BC942}") = "BookSQL", "BookSQL\BookSQL.vcxproj", "{0B35AADE-788D-4E89-B7C3-9F9696846E85}"
EndProject
Project("{8BC9CEB8-8B4A-11D0-8D11-00A0C91BC942}") = "BookSQLServer", "BookSQLServer\BookSQLServer.vcxproj", "{17BB3F4F-F9ED-46B2-B21B-32BF03D5D881}"
EndProject
Project("{8BC9CEB8-8B4A-11D0-8D11-00A0C91BC942}") = "BookJava", "BookJava\BookJava.vcxproj", "{37BCD402-ACE0-4F23-8C63-446DEF731998}"
EndProject
Project("{8BC9CEB8-8B4A-11D0-8D11-00A0C91BC942}") = "BookActionScript3", "BookActionScript3\BookActionScript3.vcxproj", "{5B34AB61-0101-442F-A75D-6C175E638D9F}"
EndProject
Project("{8BC9CEB8-8B4A-11D0-8D11-00A0C91BC942}") = "BookFlex", "BookFlex\BookFlex.vcxproj", "{A2E5A1A5-07FC-4C01-91AF-B5B684E882D0}"
EndProject
Project("{8BC9CEB8-8B4A-11D0-8D11-00A0C91BC942}") = "BookCSharp", "BookCSharp\BookCSharp.vcxproj", "{77439A54-84A6-4B84-9E7B-044A47C3F38A}"
EndProject
Project("{8BC9CEB8-8B4A-11D0-8D11-00A0C91BC942}") = "BookPython", "BookPython\BookPython.vcxproj", "{AED1796A-76C1-49F6-AECC-7685F8959B27}"
EndProject
Project("{8BC9CEB8-8B4A-11D0-8D11-00A0C91BC942}") = "BookRegularExpression", "BookRegularExpression\BookRegularExpression.vcxproj", "{17ACF5CD-6D69-490C-89A7-1AF9219BF1AE}"
EndProject
Project("{2150E333-8FDC-42A3-9474-1A3956D46DE8}") = "BookActionScript3", "BookActionScript3", "{F59D7D81-DCE6-4DE6-B7FF-9CD968A89397}"
EndProject
Project("{2150E333-8FDC-42A3-9474-1A3956D46DE8}") = "BookCSharp", "BookCSharp", "{A0B811FF-5EE4-41AB-9F75-5A163C572709}"
EndProject
Project("{2150E333-8FDC-42A3-9474-1A3956D46DE8}") = "BookDatabase", "BookDatabase", "{3848A878-C437-4945-9090-3794794E6232}"
EndProject
Project("{2150E333-8FDC-42A3-9474-1A3956D46DE8}") = "BookFlex", "BookFlex", "{848F44F4-04B6-40B2-B66F-5A96A5F8E8A7}"
EndProject
Project("{2150E333-8FDC-42A3-9474-1A3956D46DE8}") = "BookJava", "BookJava", "{A0458D3F-A41F-48B8-9A86-994B9A495C62}"
EndProject
Project("{2150E333-8FDC-42A3-9474-1A3956D46DE8}") = "BookPython", "BookPython", "{DF28F9C5-5E56-4DD8-AC7A-A5E596635EF7}"
EndProject
Project("{2150E333-8FDC-42A3-9474-1A3956D46DE8}") = "BookRegularExpression", "BookRegularExpression", "{C9A71813-FBF6-4755-9C03-403B39BE6A56}"
EndProject
Project("{2150E333-8FDC-42A3-9474-1A3956D46DE8}") = "BookSQL", "BookSQL", "{31E3FA4F-F516-4530-AB69-4E82F7437559}"
EndProject
Project("{2150E333-8FDC-42A3-9474-1A3956D46DE8}") = "BookSQLServer", "BookSQLServer", "{7F77F2F3-FB8C-43B8-B3CE-8621981EE145}"
EndProject
Project("{2150E333-8FDC-42A3-9474-1A3956D46DE8}") = "Toolset", "Toolset", "{14D8ABCE-5CD3-4871-B654-20DF5486DDDA}"
EndProject
Project("{2150E333-8FDC-42A3-9474-1A3956D46DE8}") = "Testing", "Testing", "{22A141EA-782A-442C-86EA-FC0C4FAC9D51}"
EndProject
Project("{8BC9CEB8-8B4A-11D0-8D11-00A0C91BC942}") = "BookActionScript3Testing", "..\..\..\..\AssistTesting\AssistWindows\Example\BookOtherLanguages\BookActionScript3Testing\BookActionScript3Testing.vcxproj", "{6B857BE8-2AEC-4BEB-A167-824569A7D58E}"
	ProjectSection(ProjectDependencies) = postProject
		{5B34AB61-0101-442F-A75D-6C175E638D9F} = {5B34AB61-0101-442F-A75D-6C175E638D9F}
	EndProjectSection
EndProject
Project("{8BC9CEB8-8B4A-11D0-8D11-00A0C91BC942}") = "BookCSharpTesting", "..\..\..\..\AssistTesting\AssistWindows\Example\BookOtherLanguages\BookCSharpTesting\BookCSharpTesting.vcxproj", "{94484B6B-8C35-42FB-943D-3CEA477AA49C}"
	ProjectSection(ProjectDependencies) = postProject
		{77439A54-84A6-4B84-9E7B-044A47C3F38A} = {77439A54-84A6-4B84-9E7B-044A47C3F38A}
	EndProjectSection
EndProject
Project("{8BC9CEB8-8B4A-11D0-8D11-00A0C91BC942}") = "BookDatabaseTesting", "..\..\..\..\AssistTesting\AssistWindows\Example\BookOtherLanguages\BookDatabaseTesting\BookDatabaseTesting.vcxproj", "{E6279A4D-8EB1-45E5-94AE-D05A01FD377C}"
	ProjectSection(ProjectDependencies) = postProject
		{CA1CF89A-BF6C-49AE-AD5B-8DB6F531CABF} = {CA1CF89A-BF6C-49AE-AD5B-8DB6F531CABF}
	EndProjectSection
EndProject
Project("{8BC9CEB8-8B4A-11D0-8D11-00A0C91BC942}") = "BookFlexTesting", "..\..\..\..\AssistTesting\AssistWindows\Example\BookOtherLanguages\BookFlexTesting\BookFlexTesting.vcxproj", "{A4394613-1879-49A5-971D-F50D0C862D88}"
	ProjectSection(ProjectDependencies) = postProject
		{A2E5A1A5-07FC-4C01-91AF-B5B684E882D0} = {A2E5A1A5-07FC-4C01-91AF-B5B684E882D0}
	EndProjectSection
EndProject
Project("{8BC9CEB8-8B4A-11D0-8D11-00A0C91BC942}") = "BookJavaTesting", "..\..\..\..\AssistTesting\AssistWindows\Example\BookOtherLanguages\BookJavaTesting\BookJavaTesting.vcxproj", "{4CD8B7EC-0587-4862-AA49-8A26D7AD459D}"
	ProjectSection(ProjectDependencies) = postProject
		{37BCD402-ACE0-4F23-8C63-446DEF731998} = {37BCD402-ACE0-4F23-8C63-446DEF731998}
	EndProjectSection
EndProject
Project("{8BC9CEB8-8B4A-11D0-8D11-00A0C91BC942}") = "BookOtherLanguagesTesting", "..\..\..\..\AssistTesting\AssistWindows\Example\BookOtherLanguages\BookOtherLanguagesTesting\BookOtherLanguagesTesting.vcxproj", "{DFC7540F-DF14-44AC-B7C8-9FEEF485A209}"
	ProjectSection(ProjectDependencies) = postProject
		{9111AF9C-92CF-4DBF-8E7F-DC8C36322CC2} = {9111AF9C-92CF-4DBF-8E7F-DC8C36322CC2}
	EndProjectSection
EndProject
Project("{8BC9CEB8-8B4A-11D0-8D11-00A0C91BC942}") = "BookPythonTesting", "..\..\..\..\AssistTesting\AssistWindows\Example\BookOtherLanguages\BookPythonTesting\BookPythonTesting.vcxproj", "{B8E69FE4-F262-4E5C-A727-82EB286FE5C1}"
	ProjectSection(ProjectDependencies) = postProject
		{AED1796A-76C1-49F6-AECC-7685F8959B27} = {AED1796A-76C1-49F6-AECC-7685F8959B27}
	EndProjectSection
EndProject
Project("{8BC9CEB8-8B4A-11D0-8D11-00A0C91BC942}") = "BookRegularExpressionTesting", "..\..\..\..\AssistTesting\AssistWindows\Example\BookOtherLanguages\BookRegularExpressionTesting\BookRegularExpressionTesting.vcxproj", "{EA698CB1-5323-45B9-B0FA-DB23A1F3DFDA}"
	ProjectSection(ProjectDependencies) = postProject
		{17ACF5CD-6D69-490C-89A7-1AF9219BF1AE} = {17ACF5CD-6D69-490C-89A7-1AF9219BF1AE}
	EndProjectSection
EndProject
Project("{8BC9CEB8-8B4A-11D0-8D11-00A0C91BC942}") = "BookSQLServerTesting", "..\..\..\..\AssistTesting\AssistWindows\Example\BookOtherLanguages\BookSQLServerTesting\BookSQLServerTesting.vcxproj", "{B626BEB1-55F8-4E4E-9817-92E477941D05}"
	ProjectSection(ProjectDependencies) = postProject
		{17BB3F4F-F9ED-46B2-B21B-32BF03D5D881} = {17BB3F4F-F9ED-46B2-B21B-32BF03D5D881}
	EndProjectSection
EndProject
Project("{8BC9CEB8-8B4A-11D0-8D11-00A0C91BC942}") = "BookSQLTesting", "..\..\..\..\AssistTesting\AssistWindows\Example\BookOtherLanguages\BookSQLTesting\BookSQLTesting.vcxproj", "{548CC095-34AC-4DFF-B55B-C02AC3916CD5}"
	ProjectSection(ProjectDependencies) = postProject
		{0B35AADE-788D-4E89-B7C3-9F9696846E85} = {0B35AADE-788D-4E89-B7C3-9F9696846E85}
	EndProjectSection
EndProject
Global
	GlobalSection(SolutionConfigurationPlatforms) = preSolution
		Debug|x64 = Debug|x64
		Debug|x86 = Debug|x86
		Release|x64 = Release|x64
		Release|x86 = Release|x86
		StaticDebug|x64 = StaticDebug|x64
		StaticDebug|x86 = StaticDebug|x86
		StaticRelease|x64 = StaticRelease|x64
		StaticRelease|x86 = StaticRelease|x86
	EndGlobalSection
	GlobalSection(ProjectConfigurationPlatforms) = postSolution
		{9111AF9C-92CF-4DBF-8E7F-DC8C36322CC2}.Debug|x64.ActiveCfg = Debug|x64
		{9111AF9C-92CF-4DBF-8E7F-DC8C36322CC2}.Debug|x64.Build.0 = Debug|x64
		{9111AF9C-92CF-4DBF-8E7F-DC8C36322CC2}.Debug|x86.ActiveCfg = Debug|Win32
		{9111AF9C-92CF-4DBF-8E7F-DC8C36322CC2}.Debug|x86.Build.0 = Debug|Win32
		{9111AF9C-92CF-4DBF-8E7F-DC8C36322CC2}.Release|x64.ActiveCfg = Release|x64
		{9111AF9C-92CF-4DBF-8E7F-DC8C36322CC2}.Release|x64.Build.0 = Release|x64
		{9111AF9C-92CF-4DBF-8E7F-DC8C36322CC2}.Release|x86.ActiveCfg = Release|Win32
		{9111AF9C-92CF-4DBF-8E7F-DC8C36322CC2}.Release|x86.Build.0 = Release|Win32
		{9111AF9C-92CF-4DBF-8E7F-DC8C36322CC2}.StaticDebug|x64.ActiveCfg = StaticDebug|x64
		{9111AF9C-92CF-4DBF-8E7F-DC8C36322CC2}.StaticDebug|x64.Build.0 = StaticDebug|x64
		{9111AF9C-92CF-4DBF-8E7F-DC8C36322CC2}.StaticDebug|x86.ActiveCfg = StaticDebug|Win32
		{9111AF9C-92CF-4DBF-8E7F-DC8C36322CC2}.StaticDebug|x86.Build.0 = StaticDebug|Win32
		{9111AF9C-92CF-4DBF-8E7F-DC8C36322CC2}.StaticRelease|x64.ActiveCfg = StaticRelease|x64
		{9111AF9C-92CF-4DBF-8E7F-DC8C36322CC2}.StaticRelease|x64.Build.0 = StaticRelease|x64
		{9111AF9C-92CF-4DBF-8E7F-DC8C36322CC2}.StaticRelease|x86.ActiveCfg = StaticRelease|Win32
		{9111AF9C-92CF-4DBF-8E7F-DC8C36322CC2}.StaticRelease|x86.Build.0 = StaticRelease|Win32
		{CA1CF89A-BF6C-49AE-AD5B-8DB6F531CABF}.Debug|x64.ActiveCfg = Debug|x64
		{CA1CF89A-BF6C-49AE-AD5B-8DB6F531CABF}.Debug|x64.Build.0 = Debug|x64
		{CA1CF89A-BF6C-49AE-AD5B-8DB6F531CABF}.Debug|x86.ActiveCfg = Debug|Win32
		{CA1CF89A-BF6C-49AE-AD5B-8DB6F531CABF}.Debug|x86.Build.0 = Debug|Win32
		{CA1CF89A-BF6C-49AE-AD5B-8DB6F531CABF}.Release|x64.ActiveCfg = Release|x64
		{CA1CF89A-BF6C-49AE-AD5B-8DB6F531CABF}.Release|x64.Build.0 = Release|x64
		{CA1CF89A-BF6C-49AE-AD5B-8DB6F531CABF}.Release|x86.ActiveCfg = Release|Win32
		{CA1CF89A-BF6C-49AE-AD5B-8DB6F531CABF}.Release|x86.Build.0 = Release|Win32
		{CA1CF89A-BF6C-49AE-AD5B-8DB6F531CABF}.StaticDebug|x64.ActiveCfg = StaticDebug|x64
		{CA1CF89A-BF6C-49AE-AD5B-8DB6F531CABF}.StaticDebug|x64.Build.0 = StaticDebug|x64
		{CA1CF89A-BF6C-49AE-AD5B-8DB6F531CABF}.StaticDebug|x86.ActiveCfg = StaticDebug|Win32
		{CA1CF89A-BF6C-49AE-AD5B-8DB6F531CABF}.StaticDebug|x86.Build.0 = StaticDebug|Win32
		{CA1CF89A-BF6C-49AE-AD5B-8DB6F531CABF}.StaticRelease|x64.ActiveCfg = StaticRelease|x64
		{CA1CF89A-BF6C-49AE-AD5B-8DB6F531CABF}.StaticRelease|x64.Build.0 = StaticRelease|x64
		{CA1CF89A-BF6C-49AE-AD5B-8DB6F531CABF}.StaticRelease|x86.ActiveCfg = StaticRelease|Win32
		{CA1CF89A-BF6C-49AE-AD5B-8DB6F531CABF}.StaticRelease|x86.Build.0 = StaticRelease|Win32
		{0B35AADE-788D-4E89-B7C3-9F9696846E85}.Debug|x64.ActiveCfg = Debug|x64
		{0B35AADE-788D-4E89-B7C3-9F9696846E85}.Debug|x64.Build.0 = Debug|x64
		{0B35AADE-788D-4E89-B7C3-9F9696846E85}.Debug|x86.ActiveCfg = Debug|Win32
		{0B35AADE-788D-4E89-B7C3-9F9696846E85}.Debug|x86.Build.0 = Debug|Win32
		{0B35AADE-788D-4E89-B7C3-9F9696846E85}.Release|x64.ActiveCfg = Release|x64
		{0B35AADE-788D-4E89-B7C3-9F9696846E85}.Release|x64.Build.0 = Release|x64
		{0B35AADE-788D-4E89-B7C3-9F9696846E85}.Release|x86.ActiveCfg = Release|Win32
		{0B35AADE-788D-4E89-B7C3-9F9696846E85}.Release|x86.Build.0 = Release|Win32
		{0B35AADE-788D-4E89-B7C3-9F9696846E85}.StaticDebug|x64.ActiveCfg = StaticDebug|x64
		{0B35AADE-788D-4E89-B7C3-9F9696846E85}.StaticDebug|x64.Build.0 = StaticDebug|x64
		{0B35AADE-788D-4E89-B7C3-9F9696846E85}.StaticDebug|x86.ActiveCfg = StaticDebug|Win32
		{0B35AADE-788D-4E89-B7C3-9F9696846E85}.StaticDebug|x86.Build.0 = StaticDebug|Win32
		{0B35AADE-788D-4E89-B7C3-9F9696846E85}.StaticRelease|x64.ActiveCfg = StaticRelease|x64
		{0B35AADE-788D-4E89-B7C3-9F9696846E85}.StaticRelease|x64.Build.0 = StaticRelease|x64
		{0B35AADE-788D-4E89-B7C3-9F9696846E85}.StaticRelease|x86.ActiveCfg = StaticRelease|Win32
		{0B35AADE-788D-4E89-B7C3-9F9696846E85}.StaticRelease|x86.Build.0 = StaticRelease|Win32
		{17BB3F4F-F9ED-46B2-B21B-32BF03D5D881}.Debug|x64.ActiveCfg = Debug|x64
		{17BB3F4F-F9ED-46B2-B21B-32BF03D5D881}.Debug|x64.Build.0 = Debug|x64
		{17BB3F4F-F9ED-46B2-B21B-32BF03D5D881}.Debug|x86.ActiveCfg = Debug|Win32
		{17BB3F4F-F9ED-46B2-B21B-32BF03D5D881}.Debug|x86.Build.0 = Debug|Win32
		{17BB3F4F-F9ED-46B2-B21B-32BF03D5D881}.Release|x64.ActiveCfg = Release|x64
		{17BB3F4F-F9ED-46B2-B21B-32BF03D5D881}.Release|x64.Build.0 = Release|x64
		{17BB3F4F-F9ED-46B2-B21B-32BF03D5D881}.Release|x86.ActiveCfg = Release|Win32
		{17BB3F4F-F9ED-46B2-B21B-32BF03D5D881}.Release|x86.Build.0 = Release|Win32
		{17BB3F4F-F9ED-46B2-B21B-32BF03D5D881}.StaticDebug|x64.ActiveCfg = StaticDebug|x64
		{17BB3F4F-F9ED-46B2-B21B-32BF03D5D881}.StaticDebug|x64.Build.0 = StaticDebug|x64
		{17BB3F4F-F9ED-46B2-B21B-32BF03D5D881}.StaticDebug|x86.ActiveCfg = StaticDebug|Win32
		{17BB3F4F-F9ED-46B2-B21B-32BF03D5D881}.StaticDebug|x86.Build.0 = StaticDebug|Win32
		{17BB3F4F-F9ED-46B2-B21B-32BF03D5D881}.StaticRelease|x64.ActiveCfg = StaticRelease|x64
		{17BB3F4F-F9ED-46B2-B21B-32BF03D5D881}.StaticRelease|x64.Build.0 = StaticRelease|x64
		{17BB3F4F-F9ED-46B2-B21B-32BF03D5D881}.StaticRelease|x86.ActiveCfg = StaticRelease|Win32
		{17BB3F4F-F9ED-46B2-B21B-32BF03D5D881}.StaticRelease|x86.Build.0 = StaticRelease|Win32
		{37BCD402-ACE0-4F23-8C63-446DEF731998}.Debug|x64.ActiveCfg = Debug|x64
		{37BCD402-ACE0-4F23-8C63-446DEF731998}.Debug|x64.Build.0 = Debug|x64
		{37BCD402-ACE0-4F23-8C63-446DEF731998}.Debug|x86.ActiveCfg = Debug|Win32
		{37BCD402-ACE0-4F23-8C63-446DEF731998}.Debug|x86.Build.0 = Debug|Win32
		{37BCD402-ACE0-4F23-8C63-446DEF731998}.Release|x64.ActiveCfg = Release|x64
		{37BCD402-ACE0-4F23-8C63-446DEF731998}.Release|x64.Build.0 = Release|x64
		{37BCD402-ACE0-4F23-8C63-446DEF731998}.Release|x86.ActiveCfg = Release|Win32
		{37BCD402-ACE0-4F23-8C63-446DEF731998}.Release|x86.Build.0 = Release|Win32
		{37BCD402-ACE0-4F23-8C63-446DEF731998}.StaticDebug|x64.ActiveCfg = StaticDebug|x64
		{37BCD402-ACE0-4F23-8C63-446DEF731998}.StaticDebug|x64.Build.0 = StaticDebug|x64
		{37BCD402-ACE0-4F23-8C63-446DEF731998}.StaticDebug|x86.ActiveCfg = StaticDebug|Win32
		{37BCD402-ACE0-4F23-8C63-446DEF731998}.StaticDebug|x86.Build.0 = StaticDebug|Win32
		{37BCD402-ACE0-4F23-8C63-446DEF731998}.StaticRelease|x64.ActiveCfg = StaticRelease|x64
		{37BCD402-ACE0-4F23-8C63-446DEF731998}.StaticRelease|x64.Build.0 = StaticRelease|x64
		{37BCD402-ACE0-4F23-8C63-446DEF731998}.StaticRelease|x86.ActiveCfg = StaticRelease|Win32
		{37BCD402-ACE0-4F23-8C63-446DEF731998}.StaticRelease|x86.Build.0 = StaticRelease|Win32
		{5B34AB61-0101-442F-A75D-6C175E638D9F}.Debug|x64.ActiveCfg = Debug|x64
		{5B34AB61-0101-442F-A75D-6C175E638D9F}.Debug|x64.Build.0 = Debug|x64
		{5B34AB61-0101-442F-A75D-6C175E638D9F}.Debug|x86.ActiveCfg = Debug|Win32
		{5B34AB61-0101-442F-A75D-6C175E638D9F}.Debug|x86.Build.0 = Debug|Win32
		{5B34AB61-0101-442F-A75D-6C175E638D9F}.Release|x64.ActiveCfg = Release|x64
		{5B34AB61-0101-442F-A75D-6C175E638D9F}.Release|x64.Build.0 = Release|x64
		{5B34AB61-0101-442F-A75D-6C175E638D9F}.Release|x86.ActiveCfg = Release|Win32
		{5B34AB61-0101-442F-A75D-6C175E638D9F}.Release|x86.Build.0 = Release|Win32
		{5B34AB61-0101-442F-A75D-6C175E638D9F}.StaticDebug|x64.ActiveCfg = StaticDebug|x64
		{5B34AB61-0101-442F-A75D-6C175E638D9F}.StaticDebug|x64.Build.0 = StaticDebug|x64
		{5B34AB61-0101-442F-A75D-6C175E638D9F}.StaticDebug|x86.ActiveCfg = StaticDebug|Win32
		{5B34AB61-0101-442F-A75D-6C175E638D9F}.StaticDebug|x86.Build.0 = StaticDebug|Win32
		{5B34AB61-0101-442F-A75D-6C175E638D9F}.StaticRelease|x64.ActiveCfg = StaticRelease|x64
		{5B34AB61-0101-442F-A75D-6C175E638D9F}.StaticRelease|x64.Build.0 = StaticRelease|x64
		{5B34AB61-0101-442F-A75D-6C175E638D9F}.StaticRelease|x86.ActiveCfg = StaticRelease|Win32
		{5B34AB61-0101-442F-A75D-6C175E638D9F}.StaticRelease|x86.Build.0 = StaticRelease|Win32
		{A2E5A1A5-07FC-4C01-91AF-B5B684E882D0}.Debug|x64.ActiveCfg = Debug|x64
		{A2E5A1A5-07FC-4C01-91AF-B5B684E882D0}.Debug|x64.Build.0 = Debug|x64
		{A2E5A1A5-07FC-4C01-91AF-B5B684E882D0}.Debug|x86.ActiveCfg = Debug|Win32
		{A2E5A1A5-07FC-4C01-91AF-B5B684E882D0}.Debug|x86.Build.0 = Debug|Win32
		{A2E5A1A5-07FC-4C01-91AF-B5B684E882D0}.Release|x64.ActiveCfg = Release|x64
		{A2E5A1A5-07FC-4C01-91AF-B5B684E882D0}.Release|x64.Build.0 = Release|x64
		{A2E5A1A5-07FC-4C01-91AF-B5B684E882D0}.Release|x86.ActiveCfg = Release|Win32
		{A2E5A1A5-07FC-4C01-91AF-B5B684E882D0}.Release|x86.Build.0 = Release|Win32
		{A2E5A1A5-07FC-4C01-91AF-B5B684E882D0}.StaticDebug|x64.ActiveCfg = StaticDebug|x64
		{A2E5A1A5-07FC-4C01-91AF-B5B684E882D0}.StaticDebug|x64.Build.0 = StaticDebug|x64
		{A2E5A1A5-07FC-4C01-91AF-B5B684E882D0}.StaticDebug|x86.ActiveCfg = StaticDebug|Win32
		{A2E5A1A5-07FC-4C01-91AF-B5B684E882D0}.StaticDebug|x86.Build.0 = StaticDebug|Win32
		{A2E5A1A5-07FC-4C01-91AF-B5B684E882D0}.StaticRelease|x64.ActiveCfg = StaticRelease|x64
		{A2E5A1A5-07FC-4C01-91AF-B5B684E882D0}.StaticRelease|x64.Build.0 = StaticRelease|x64
		{A2E5A1A5-07FC-4C01-91AF-B5B684E882D0}.StaticRelease|x86.ActiveCfg = StaticRelease|Win32
		{A2E5A1A5-07FC-4C01-91AF-B5B684E882D0}.StaticRelease|x86.Build.0 = StaticRelease|Win32
		{77439A54-84A6-4B84-9E7B-044A47C3F38A}.Debug|x64.ActiveCfg = Debug|x64
		{77439A54-84A6-4B84-9E7B-044A47C3F38A}.Debug|x64.Build.0 = Debug|x64
		{77439A54-84A6-4B84-9E7B-044A47C3F38A}.Debug|x86.ActiveCfg = Debug|Win32
		{77439A54-84A6-4B84-9E7B-044A47C3F38A}.Debug|x86.Build.0 = Debug|Win32
		{77439A54-84A6-4B84-9E7B-044A47C3F38A}.Release|x64.ActiveCfg = Release|x64
		{77439A54-84A6-4B84-9E7B-044A47C3F38A}.Release|x64.Build.0 = Release|x64
		{77439A54-84A6-4B84-9E7B-044A47C3F38A}.Release|x86.ActiveCfg = Release|Win32
		{77439A54-84A6-4B84-9E7B-044A47C3F38A}.Release|x86.Build.0 = Release|Win32
		{77439A54-84A6-4B84-9E7B-044A47C3F38A}.StaticDebug|x64.ActiveCfg = StaticDebug|x64
		{77439A54-84A6-4B84-9E7B-044A47C3F38A}.StaticDebug|x64.Build.0 = StaticDebug|x64
		{77439A54-84A6-4B84-9E7B-044A47C3F38A}.StaticDebug|x86.ActiveCfg = StaticDebug|Win32
		{77439A54-84A6-4B84-9E7B-044A47C3F38A}.StaticDebug|x86.Build.0 = StaticDebug|Win32
		{77439A54-84A6-4B84-9E7B-044A47C3F38A}.StaticRelease|x64.ActiveCfg = StaticRelease|x64
		{77439A54-84A6-4B84-9E7B-044A47C3F38A}.StaticRelease|x64.Build.0 = StaticRelease|x64
		{77439A54-84A6-4B84-9E7B-044A47C3F38A}.StaticRelease|x86.ActiveCfg = StaticRelease|Win32
		{77439A54-84A6-4B84-9E7B-044A47C3F38A}.StaticRelease|x86.Build.0 = StaticRelease|Win32
		{AED1796A-76C1-49F6-AECC-7685F8959B27}.Debug|x64.ActiveCfg = Debug|x64
		{AED1796A-76C1-49F6-AECC-7685F8959B27}.Debug|x64.Build.0 = Debug|x64
		{AED1796A-76C1-49F6-AECC-7685F8959B27}.Debug|x86.ActiveCfg = Debug|Win32
		{AED1796A-76C1-49F6-AECC-7685F8959B27}.Debug|x86.Build.0 = Debug|Win32
		{AED1796A-76C1-49F6-AECC-7685F8959B27}.Release|x64.ActiveCfg = Release|x64
		{AED1796A-76C1-49F6-AECC-7685F8959B27}.Release|x64.Build.0 = Release|x64
		{AED1796A-76C1-49F6-AECC-7685F8959B27}.Release|x86.ActiveCfg = Release|Win32
		{AED1796A-76C1-49F6-AECC-7685F8959B27}.Release|x86.Build.0 = Release|Win32
		{AED1796A-76C1-49F6-AECC-7685F8959B27}.StaticDebug|x64.ActiveCfg = StaticDebug|x64
		{AED1796A-76C1-49F6-AECC-7685F8959B27}.StaticDebug|x64.Build.0 = StaticDebug|x64
		{AED1796A-76C1-49F6-AECC-7685F8959B27}.StaticDebug|x86.ActiveCfg = StaticDebug|Win32
		{AED1796A-76C1-49F6-AECC-7685F8959B27}.StaticDebug|x86.Build.0 = StaticDebug|Win32
		{AED1796A-76C1-49F6-AECC-7685F8959B27}.StaticRelease|x64.ActiveCfg = StaticRelease|x64
		{AED1796A-76C1-49F6-AECC-7685F8959B27}.StaticRelease|x64.Build.0 = StaticRelease|x64
		{AED1796A-76C1-49F6-AECC-7685F8959B27}.StaticRelease|x86.ActiveCfg = StaticRelease|Win32
		{AED1796A-76C1-49F6-AECC-7685F8959B27}.StaticRelease|x86.Build.0 = StaticRelease|Win32
		{17ACF5CD-6D69-490C-89A7-1AF9219BF1AE}.Debug|x64.ActiveCfg = Debug|x64
		{17ACF5CD-6D69-490C-89A7-1AF9219BF1AE}.Debug|x64.Build.0 = Debug|x64
		{17ACF5CD-6D69-490C-89A7-1AF9219BF1AE}.Debug|x86.ActiveCfg = Debug|Win32
		{17ACF5CD-6D69-490C-89A7-1AF9219BF1AE}.Debug|x86.Build.0 = Debug|Win32
		{17ACF5CD-6D69-490C-89A7-1AF9219BF1AE}.Release|x64.ActiveCfg = Release|x64
		{17ACF5CD-6D69-490C-89A7-1AF9219BF1AE}.Release|x64.Build.0 = Release|x64
		{17ACF5CD-6D69-490C-89A7-1AF9219BF1AE}.Release|x86.ActiveCfg = Release|Win32
		{17ACF5CD-6D69-490C-89A7-1AF9219BF1AE}.Release|x86.Build.0 = Release|Win32
		{17ACF5CD-6D69-490C-89A7-1AF9219BF1AE}.StaticDebug|x64.ActiveCfg = StaticDebug|x64
		{17ACF5CD-6D69-490C-89A7-1AF9219BF1AE}.StaticDebug|x64.Build.0 = StaticDebug|x64
		{17ACF5CD-6D69-490C-89A7-1AF9219BF1AE}.StaticDebug|x86.ActiveCfg = StaticDebug|Win32
		{17ACF5CD-6D69-490C-89A7-1AF9219BF1AE}.StaticDebug|x86.Build.0 = StaticDebug|Win32
		{17ACF5CD-6D69-490C-89A7-1AF9219BF1AE}.StaticRelease|x64.ActiveCfg = StaticRelease|x64
		{17ACF5CD-6D69-490C-89A7-1AF9219BF1AE}.StaticRelease|x64.Build.0 = StaticRelease|x64
		{17ACF5CD-6D69-490C-89A7-1AF9219BF1AE}.StaticRelease|x86.ActiveCfg = StaticRelease|Win32
		{17ACF5CD-6D69-490C-89A7-1AF9219BF1AE}.StaticRelease|x86.Build.0 = StaticRelease|Win32
		{6B857BE8-2AEC-4BEB-A167-824569A7D58E}.Debug|x64.ActiveCfg = Debug|x64
		{6B857BE8-2AEC-4BEB-A167-824569A7D58E}.Debug|x64.Build.0 = Debug|x64
		{6B857BE8-2AEC-4BEB-A167-824569A7D58E}.Debug|x86.ActiveCfg = Debug|Win32
		{6B857BE8-2AEC-4BEB-A167-824569A7D58E}.Debug|x86.Build.0 = Debug|Win32
		{6B857BE8-2AEC-4BEB-A167-824569A7D58E}.Release|x64.ActiveCfg = Release|x64
		{6B857BE8-2AEC-4BEB-A167-824569A7D58E}.Release|x64.Build.0 = Release|x64
		{6B857BE8-2AEC-4BEB-A167-824569A7D58E}.Release|x86.ActiveCfg = Release|Win32
		{6B857BE8-2AEC-4BEB-A167-824569A7D58E}.Release|x86.Build.0 = Release|Win32
		{6B857BE8-2AEC-4BEB-A167-824569A7D58E}.StaticDebug|x64.ActiveCfg = StaticDebug|x64
		{6B857BE8-2AEC-4BEB-A167-824569A7D58E}.StaticDebug|x64.Build.0 = StaticDebug|x64
		{6B857BE8-2AEC-4BEB-A167-824569A7D58E}.StaticDebug|x86.ActiveCfg = StaticDebug|Win32
		{6B857BE8-2AEC-4BEB-A167-824569A7D58E}.StaticDebug|x86.Build.0 = StaticDebug|Win32
		{6B857BE8-2AEC-4BEB-A167-824569A7D58E}.StaticRelease|x64.ActiveCfg = StaticRelease|x64
		{6B857BE8-2AEC-4BEB-A167-824569A7D58E}.StaticRelease|x64.Build.0 = StaticRelease|x64
		{6B857BE8-2AEC-4BEB-A167-824569A7D58E}.StaticRelease|x86.ActiveCfg = StaticRelease|Win32
		{6B857BE8-2AEC-4BEB-A167-824569A7D58E}.StaticRelease|x86.Build.0 = StaticRelease|Win32
		{94484B6B-8C35-42FB-943D-3CEA477AA49C}.Debug|x64.ActiveCfg = Debug|x64
		{94484B6B-8C35-42FB-943D-3CEA477AA49C}.Debug|x64.Build.0 = Debug|x64
		{94484B6B-8C35-42FB-943D-3CEA477AA49C}.Debug|x86.ActiveCfg = Debug|Win32
		{94484B6B-8C35-42FB-943D-3CEA477AA49C}.Debug|x86.Build.0 = Debug|Win32
		{94484B6B-8C35-42FB-943D-3CEA477AA49C}.Release|x64.ActiveCfg = Release|x64
		{94484B6B-8C35-42FB-943D-3CEA477AA49C}.Release|x64.Build.0 = Release|x64
		{94484B6B-8C35-42FB-943D-3CEA477AA49C}.Release|x86.ActiveCfg = Release|Win32
		{94484B6B-8C35-42FB-943D-3CEA477AA49C}.Release|x86.Build.0 = Release|Win32
		{94484B6B-8C35-42FB-943D-3CEA477AA49C}.StaticDebug|x64.ActiveCfg = StaticDebug|x64
		{94484B6B-8C35-42FB-943D-3CEA477AA49C}.StaticDebug|x64.Build.0 = StaticDebug|x64
		{94484B6B-8C35-42FB-943D-3CEA477AA49C}.StaticDebug|x86.ActiveCfg = StaticDebug|Win32
		{94484B6B-8C35-42FB-943D-3CEA477AA49C}.StaticDebug|x86.Build.0 = StaticDebug|Win32
		{94484B6B-8C35-42FB-943D-3CEA477AA49C}.StaticRelease|x64.ActiveCfg = StaticRelease|x64
		{94484B6B-8C35-42FB-943D-3CEA477AA49C}.StaticRelease|x64.Build.0 = StaticRelease|x64
		{94484B6B-8C35-42FB-943D-3CEA477AA49C}.StaticRelease|x86.ActiveCfg = StaticRelease|Win32
		{94484B6B-8C35-42FB-943D-3CEA477AA49C}.StaticRelease|x86.Build.0 = StaticRelease|Win32
		{E6279A4D-8EB1-45E5-94AE-D05A01FD377C}.Debug|x64.ActiveCfg = Debug|x64
		{E6279A4D-8EB1-45E5-94AE-D05A01FD377C}.Debug|x64.Build.0 = Debug|x64
		{E6279A4D-8EB1-45E5-94AE-D05A01FD377C}.Debug|x86.ActiveCfg = Debug|Win32
		{E6279A4D-8EB1-45E5-94AE-D05A01FD377C}.Debug|x86.Build.0 = Debug|Win32
		{E6279A4D-8EB1-45E5-94AE-D05A01FD377C}.Release|x64.ActiveCfg = Release|x64
		{E6279A4D-8EB1-45E5-94AE-D05A01FD377C}.Release|x64.Build.0 = Release|x64
		{E6279A4D-8EB1-45E5-94AE-D05A01FD377C}.Release|x86.ActiveCfg = Release|Win32
		{E6279A4D-8EB1-45E5-94AE-D05A01FD377C}.Release|x86.Build.0 = Release|Win32
		{E6279A4D-8EB1-45E5-94AE-D05A01FD377C}.StaticDebug|x64.ActiveCfg = StaticDebug|x64
		{E6279A4D-8EB1-45E5-94AE-D05A01FD377C}.StaticDebug|x64.Build.0 = StaticDebug|x64
		{E6279A4D-8EB1-45E5-94AE-D05A01FD377C}.StaticDebug|x86.ActiveCfg = StaticDebug|Win32
		{E6279A4D-8EB1-45E5-94AE-D05A01FD377C}.StaticDebug|x86.Build.0 = StaticDebug|Win32
		{E6279A4D-8EB1-45E5-94AE-D05A01FD377C}.StaticRelease|x64.ActiveCfg = StaticRelease|x64
		{E6279A4D-8EB1-45E5-94AE-D05A01FD377C}.StaticRelease|x64.Build.0 = StaticRelease|x64
		{E6279A4D-8EB1-45E5-94AE-D05A01FD377C}.StaticRelease|x86.ActiveCfg = StaticRelease|Win32
		{E6279A4D-8EB1-45E5-94AE-D05A01FD377C}.StaticRelease|x86.Build.0 = StaticRelease|Win32
		{A4394613-1879-49A5-971D-F50D0C862D88}.Debug|x64.ActiveCfg = Debug|x64
		{A4394613-1879-49A5-971D-F50D0C862D88}.Debug|x64.Build.0 = Debug|x64
		{A4394613-1879-49A5-971D-F50D0C862D88}.Debug|x86.ActiveCfg = Debug|Win32
		{A4394613-1879-49A5-971D-F50D0C862D88}.Debug|x86.Build.0 = Debug|Win32
		{A4394613-1879-49A5-971D-F50D0C862D88}.Release|x64.ActiveCfg = Release|x64
		{A4394613-1879-49A5-971D-F50D0C862D88}.Release|x64.Build.0 = Release|x64
		{A4394613-1879-49A5-971D-F50D0C862D88}.Release|x86.ActiveCfg = Release|Win32
		{A4394613-1879-49A5-971D-F50D0C862D88}.Release|x86.Build.0 = Release|Win32
		{A4394613-1879-49A5-971D-F50D0C862D88}.StaticDebug|x64.ActiveCfg = StaticDebug|x64
		{A4394613-1879-49A5-971D-F50D0C862D88}.StaticDebug|x64.Build.0 = StaticDebug|x64
		{A4394613-1879-49A5-971D-F50D0C862D88}.StaticDebug|x86.ActiveCfg = StaticDebug|Win32
		{A4394613-1879-49A5-971D-F50D0C862D88}.StaticDebug|x86.Build.0 = StaticDebug|Win32
		{A4394613-1879-49A5-971D-F50D0C862D88}.StaticRelease|x64.ActiveCfg = StaticRelease|x64
		{A4394613-1879-49A5-971D-F50D0C862D88}.StaticRelease|x64.Build.0 = StaticRelease|x64
		{A4394613-1879-49A5-971D-F50D0C862D88}.StaticRelease|x86.ActiveCfg = StaticRelease|Win32
		{A4394613-1879-49A5-971D-F50D0C862D88}.StaticRelease|x86.Build.0 = StaticRelease|Win32
		{4CD8B7EC-0587-4862-AA49-8A26D7AD459D}.Debug|x64.ActiveCfg = Debug|x64
		{4CD8B7EC-0587-4862-AA49-8A26D7AD459D}.Debug|x64.Build.0 = Debug|x64
		{4CD8B7EC-0587-4862-AA49-8A26D7AD459D}.Debug|x86.ActiveCfg = Debug|Win32
		{4CD8B7EC-0587-4862-AA49-8A26D7AD459D}.Debug|x86.Build.0 = Debug|Win32
		{4CD8B7EC-0587-4862-AA49-8A26D7AD459D}.Release|x64.ActiveCfg = Release|x64
		{4CD8B7EC-0587-4862-AA49-8A26D7AD459D}.Release|x64.Build.0 = Release|x64
		{4CD8B7EC-0587-4862-AA49-8A26D7AD459D}.Release|x86.ActiveCfg = Release|Win32
		{4CD8B7EC-0587-4862-AA49-8A26D7AD459D}.Release|x86.Build.0 = Release|Win32
		{4CD8B7EC-0587-4862-AA49-8A26D7AD459D}.StaticDebug|x64.ActiveCfg = StaticDebug|x64
		{4CD8B7EC-0587-4862-AA49-8A26D7AD459D}.StaticDebug|x64.Build.0 = StaticDebug|x64
		{4CD8B7EC-0587-4862-AA49-8A26D7AD459D}.StaticDebug|x86.ActiveCfg = StaticDebug|Win32
		{4CD8B7EC-0587-4862-AA49-8A26D7AD459D}.StaticDebug|x86.Build.0 = StaticDebug|Win32
		{4CD8B7EC-0587-4862-AA49-8A26D7AD459D}.StaticRelease|x64.ActiveCfg = StaticRelease|x64
		{4CD8B7EC-0587-4862-AA49-8A26D7AD459D}.StaticRelease|x64.Build.0 = StaticRelease|x64
		{4CD8B7EC-0587-4862-AA49-8A26D7AD459D}.StaticRelease|x86.ActiveCfg = StaticRelease|Win32
		{4CD8B7EC-0587-4862-AA49-8A26D7AD459D}.StaticRelease|x86.Build.0 = StaticRelease|Win32
		{DFC7540F-DF14-44AC-B7C8-9FEEF485A209}.Debug|x64.ActiveCfg = Debug|x64
		{DFC7540F-DF14-44AC-B7C8-9FEEF485A209}.Debug|x64.Build.0 = Debug|x64
		{DFC7540F-DF14-44AC-B7C8-9FEEF485A209}.Debug|x86.ActiveCfg = Debug|Win32
		{DFC7540F-DF14-44AC-B7C8-9FEEF485A209}.Debug|x86.Build.0 = Debug|Win32
		{DFC7540F-DF14-44AC-B7C8-9FEEF485A209}.Release|x64.ActiveCfg = Release|x64
		{DFC7540F-DF14-44AC-B7C8-9FEEF485A209}.Release|x64.Build.0 = Release|x64
		{DFC7540F-DF14-44AC-B7C8-9FEEF485A209}.Release|x86.ActiveCfg = Release|Win32
		{DFC7540F-DF14-44AC-B7C8-9FEEF485A209}.Release|x86.Build.0 = Release|Win32
		{DFC7540F-DF14-44AC-B7C8-9FEEF485A209}.StaticDebug|x64.ActiveCfg = StaticDebug|x64
		{DFC7540F-DF14-44AC-B7C8-9FEEF485A209}.StaticDebug|x64.Build.0 = StaticDebug|x64
		{DFC7540F-DF14-44AC-B7C8-9FEEF485A209}.StaticDebug|x86.ActiveCfg = StaticDebug|Win32
		{DFC7540F-DF14-44AC-B7C8-9FEEF485A209}.StaticDebug|x86.Build.0 = StaticDebug|Win32
		{DFC7540F-DF14-44AC-B7C8-9FEEF485A209}.StaticRelease|x64.ActiveCfg = StaticRelease|x64
		{DFC7540F-DF14-44AC-B7C8-9FEEF485A209}.StaticRelease|x64.Build.0 = StaticRelease|x64
		{DFC7540F-DF14-44AC-B7C8-9FEEF485A209}.StaticRelease|x86.ActiveCfg = StaticRelease|Win32
		{DFC7540F-DF14-44AC-B7C8-9FEEF485A209}.StaticRelease|x86.Build.0 = StaticRelease|Win32
		{B8E69FE4-F262-4E5C-A727-82EB286FE5C1}.Debug|x64.ActiveCfg = Debug|x64
		{B8E69FE4-F262-4E5C-A727-82EB286FE5C1}.Debug|x64.Build.0 = Debug|x64
		{B8E69FE4-F262-4E5C-A727-82EB286FE5C1}.Debug|x86.ActiveCfg = Debug|Win32
		{B8E69FE4-F262-4E5C-A727-82EB286FE5C1}.Debug|x86.Build.0 = Debug|Win32
		{B8E69FE4-F262-4E5C-A727-82EB286FE5C1}.Release|x64.ActiveCfg = Release|x64
		{B8E69FE4-F262-4E5C-A727-82EB286FE5C1}.Release|x64.Build.0 = Release|x64
		{B8E69FE4-F262-4E5C-A727-82EB286FE5C1}.Release|x86.ActiveCfg = Release|Win32
		{B8E69FE4-F262-4E5C-A727-82EB286FE5C1}.Release|x86.Build.0 = Release|Win32
		{B8E69FE4-F262-4E5C-A727-82EB286FE5C1}.StaticDebug|x64.ActiveCfg = StaticDebug|x64
		{B8E69FE4-F262-4E5C-A727-82EB286FE5C1}.StaticDebug|x64.Build.0 = StaticDebug|x64
		{B8E69FE4-F262-4E5C-A727-82EB286FE5C1}.StaticDebug|x86.ActiveCfg = StaticDebug|Win32
		{B8E69FE4-F262-4E5C-A727-82EB286FE5C1}.StaticDebug|x86.Build.0 = StaticDebug|Win32
		{B8E69FE4-F262-4E5C-A727-82EB286FE5C1}.StaticRelease|x64.ActiveCfg = StaticRelease|x64
		{B8E69FE4-F262-4E5C-A727-82EB286FE5C1}.StaticRelease|x64.Build.0 = StaticRelease|x64
		{B8E69FE4-F262-4E5C-A727-82EB286FE5C1}.StaticRelease|x86.ActiveCfg = StaticRelease|Win32
		{B8E69FE4-F262-4E5C-A727-82EB286FE5C1}.StaticRelease|x86.Build.0 = StaticRelease|Win32
		{EA698CB1-5323-45B9-B0FA-DB23A1F3DFDA}.Debug|x64.ActiveCfg = Debug|x64
		{EA698CB1-5323-45B9-B0FA-DB23A1F3DFDA}.Debug|x64.Build.0 = Debug|x64
		{EA698CB1-5323-45B9-B0FA-DB23A1F3DFDA}.Debug|x86.ActiveCfg = Debug|Win32
		{EA698CB1-5323-45B9-B0FA-DB23A1F3DFDA}.Debug|x86.Build.0 = Debug|Win32
		{EA698CB1-5323-45B9-B0FA-DB23A1F3DFDA}.Release|x64.ActiveCfg = Release|x64
		{EA698CB1-5323-45B9-B0FA-DB23A1F3DFDA}.Release|x64.Build.0 = Release|x64
		{EA698CB1-5323-45B9-B0FA-DB23A1F3DFDA}.Release|x86.ActiveCfg = Release|Win32
		{EA698CB1-5323-45B9-B0FA-DB23A1F3DFDA}.Release|x86.Build.0 = Release|Win32
		{EA698CB1-5323-45B9-B0FA-DB23A1F3DFDA}.StaticDebug|x64.ActiveCfg = StaticDebug|x64
		{EA698CB1-5323-45B9-B0FA-DB23A1F3DFDA}.StaticDebug|x64.Build.0 = StaticDebug|x64
		{EA698CB1-5323-45B9-B0FA-DB23A1F3DFDA}.StaticDebug|x86.ActiveCfg = StaticDebug|Win32
		{EA698CB1-5323-45B9-B0FA-DB23A1F3DFDA}.StaticDebug|x86.Build.0 = StaticDebug|Win32
		{EA698CB1-5323-45B9-B0FA-DB23A1F3DFDA}.StaticRelease|x64.ActiveCfg = StaticRelease|x64
		{EA698CB1-5323-45B9-B0FA-DB23A1F3DFDA}.StaticRelease|x64.Build.0 = StaticRelease|x64
		{EA698CB1-5323-45B9-B0FA-DB23A1F3DFDA}.StaticRelease|x86.ActiveCfg = StaticRelease|Win32
		{EA698CB1-5323-45B9-B0FA-DB23A1F3DFDA}.StaticRelease|x86.Build.0 = StaticRelease|Win32
		{B626BEB1-55F8-4E4E-9817-92E477941D05}.Debug|x64.ActiveCfg = Debug|x64
		{B626BEB1-55F8-4E4E-9817-92E477941D05}.Debug|x64.Build.0 = Debug|x64
		{B626BEB1-55F8-4E4E-9817-92E477941D05}.Debug|x86.ActiveCfg = Debug|Win32
		{B626BEB1-55F8-4E4E-9817-92E477941D05}.Debug|x86.Build.0 = Debug|Win32
		{B626BEB1-55F8-4E4E-9817-92E477941D05}.Release|x64.ActiveCfg = Release|x64
		{B626BEB1-55F8-4E4E-9817-92E477941D05}.Release|x64.Build.0 = Release|x64
		{B626BEB1-55F8-4E4E-9817-92E477941D05}.Release|x86.ActiveCfg = Release|Win32
		{B626BEB1-55F8-4E4E-9817-92E477941D05}.Release|x86.Build.0 = Release|Win32
		{B626BEB1-55F8-4E4E-9817-92E477941D05}.StaticDebug|x64.ActiveCfg = StaticDebug|x64
		{B626BEB1-55F8-4E4E-9817-92E477941D05}.StaticDebug|x64.Build.0 = StaticDebug|x64
		{B626BEB1-55F8-4E4E-9817-92E477941D05}.StaticDebug|x86.ActiveCfg = StaticDebug|Win32
		{B626BEB1-55F8-4E4E-9817-92E477941D05}.StaticDebug|x86.Build.0 = StaticDebug|Win32
		{B626BEB1-55F8-4E4E-9817-92E477941D05}.StaticRelease|x64.ActiveCfg = StaticRelease|x64
		{B626BEB1-55F8-4E4E-9817-92E477941D05}.StaticRelease|x64.Build.0 = StaticRelease|x64
		{B626BEB1-55F8-4E4E-9817-92E477941D05}.StaticRelease|x86.ActiveCfg = StaticRelease|Win32
		{B626BEB1-55F8-4E4E-9817-92E477941D05}.StaticRelease|x86.Build.0 = StaticRelease|Win32
		{548CC095-34AC-4DFF-B55B-C02AC3916CD5}.Debug|x64.ActiveCfg = Debug|x64
		{548CC095-34AC-4DFF-B55B-C02AC3916CD5}.Debug|x64.Build.0 = Debug|x64
		{548CC095-34AC-4DFF-B55B-C02AC3916CD5}.Debug|x86.ActiveCfg = Debug|Win32
		{548CC095-34AC-4DFF-B55B-C02AC3916CD5}.Debug|x86.Build.0 = Debug|Win32
		{548CC095-34AC-4DFF-B55B-C02AC3916CD5}.Release|x64.ActiveCfg = Release|x64
		{548CC095-34AC-4DFF-B55B-C02AC3916CD5}.Release|x64.Build.0 = Release|x64
		{548CC095-34AC-4DFF-B55B-C02AC3916CD5}.Release|x86.ActiveCfg = Release|Win32
		{548CC095-34AC-4DFF-B55B-C02AC3916CD5}.Release|x86.Build.0 = Release|Win32
		{548CC095-34AC-4DFF-B55B-C02AC3916CD5}.StaticDebug|x64.ActiveCfg = StaticDebug|x64
		{548CC095-34AC-4DFF-B55B-C02AC3916CD5}.StaticDebug|x64.Build.0 = StaticDebug|x64
		{548CC095-34AC-4DFF-B55B-C02AC3916CD5}.StaticDebug|x86.ActiveCfg = StaticDebug|Win32
		{548CC095-34AC-4DFF-B55B-C02AC3916CD5}.StaticDebug|x86.Build.0 = StaticDebug|Win32
		{548CC095-34AC-4DFF-B55B-C02AC3916CD5}.StaticRelease|x64.ActiveCfg = StaticRelease|x64
		{548CC095-34AC-4DFF-B55B-C02AC3916CD5}.StaticRelease|x64.Build.0 = StaticRelease|x64
		{548CC095-34AC-4DFF-B55B-C02AC3916CD5}.StaticRelease|x86.ActiveCfg = StaticRelease|Win32
		{548CC095-34AC-4DFF-B55B-C02AC3916CD5}.StaticRelease|x86.Build.0 = StaticRelease|Win32
	EndGlobalSection
	GlobalSection(SolutionProperties) = preSolution
		HideSolutionNode = FALSE
	EndGlobalSection
	GlobalSection(NestedProjects) = preSolution
		{CA1CF89A-BF6C-49AE-AD5B-8DB6F531CABF} = {3848A878-C437-4945-9090-3794794E6232}
		{0B35AADE-788D-4E89-B7C3-9F9696846E85} = {31E3FA4F-F516-4530-AB69-4E82F7437559}
		{17BB3F4F-F9ED-46B2-B21B-32BF03D5D881} = {7F77F2F3-FB8C-43B8-B3CE-8621981EE145}
		{37BCD402-ACE0-4F23-8C63-446DEF731998} = {A0458D3F-A41F-48B8-9A86-994B9A495C62}
		{5B34AB61-0101-442F-A75D-6C175E638D9F} = {F59D7D81-DCE6-4DE6-B7FF-9CD968A89397}
		{A2E5A1A5-07FC-4C01-91AF-B5B684E882D0} = {848F44F4-04B6-40B2-B66F-5A96A5F8E8A7}
		{77439A54-84A6-4B84-9E7B-044A47C3F38A} = {A0B811FF-5EE4-41AB-9F75-5A163C572709}
		{AED1796A-76C1-49F6-AECC-7685F8959B27} = {DF28F9C5-5E56-4DD8-AC7A-A5E596635EF7}
		{17ACF5CD-6D69-490C-89A7-1AF9219BF1AE} = {C9A71813-FBF6-4755-9C03-403B39BE6A56}
		{6B857BE8-2AEC-4BEB-A167-824569A7D58E} = {22A141EA-782A-442C-86EA-FC0C4FAC9D51}
		{94484B6B-8C35-42FB-943D-3CEA477AA49C} = {22A141EA-782A-442C-86EA-FC0C4FAC9D51}
		{E6279A4D-8EB1-45E5-94AE-D05A01FD377C} = {22A141EA-782A-442C-86EA-FC0C4FAC9D51}
		{A4394613-1879-49A5-971D-F50D0C862D88} = {22A141EA-782A-442C-86EA-FC0C4FAC9D51}
		{4CD8B7EC-0587-4862-AA49-8A26D7AD459D} = {22A141EA-782A-442C-86EA-FC0C4FAC9D51}
		{DFC7540F-DF14-44AC-B7C8-9FEEF485A209} = {22A141EA-782A-442C-86EA-FC0C4FAC9D51}
		{B8E69FE4-F262-4E5C-A727-82EB286FE5C1} = {22A141EA-782A-442C-86EA-FC0C4FAC9D51}
		{EA698CB1-5323-45B9-B0FA-DB23A1F3DFDA} = {22A141EA-782A-442C-86EA-FC0C4FAC9D51}
		{B626BEB1-55F8-4E4E-9817-92E477941D05} = {22A141EA-782A-442C-86EA-FC0C4FAC9D51}
		{548CC095-34AC-4DFF-B55B-C02AC3916CD5} = {22A141EA-782A-442C-86EA-FC0C4FAC9D51}
	EndGlobalSection
	GlobalSection(ExtensibilityGlobals) = postSolution
		SolutionGuid = {29E87BB4-EF3E-41A5-97FC-5E2386BBDB3D}
	EndGlobalSection
EndGlobal
